
Microsoft Visual Studio Solution File, Format Version 12.00
# Visual Studio Version 16
VisualStudioVersion = 16.0.29905.134
MinimumVisualStudioVersion = 10.0.40219.1
Project("{FAE04EC0-301F-11D3-BF4B-00C04F79EFBC}") = "TP-Pizza", "TP-Pizza\TP-Pizza.csproj", "{D0DE8125-2CE9-492D-9136-4B9447820188}"
EndProject
Global
	GlobalSection(SolutionConfigurationPlatforms) = preSolution
		Debug|Any CPU = Debug|Any CPU
		Release|Any CPU = Release|Any CPU
	EndGlobalSection
	GlobalSection(ProjectConfigurationPlatforms) = postSolution
		{D0DE8125-2CE9-492D-9136-4B9447820188}.Debug|Any CPU.ActiveCfg = Debug|Any CPU
		{D0DE8125-2CE9-492D-9136-4B9447820188}.Debug|Any CPU.Build.0 = Debug|Any CPU
		{D0DE8125-2CE9-492D-9136-4B9447820188}.Release|Any CPU.ActiveCfg = Release|Any CPU
		{D0DE8125-2CE9-492D-9136-4B9447820188}.Release|Any CPU.Build.0 = Release|Any CPU
	EndGlobalSection
	GlobalSection(SolutionProperties) = preSolution
		HideSolutionNode = FALSE
	EndGlobalSection
	GlobalSection(ExtensibilityGlobals) = postSolution
		SolutionGuid = {5D977BBE-20A1-4A65-8422-7D7E97BB8455}
	EndGlobalSection
EndGlobal
